// !$*UTF8*$!
{
	archiveVersion = 1;
	classes = {
	};
	objectVersion = 46;
	objects = {

/* Begin PBXBuildFile section */
		D26E9AD71AFF84FC004D6E55 /* README.md in Sources */ = {isa = PBXBuildFile; fileRef = D26E9AD61AFF84FB004D6E55 /* README.md */; };
		D28A6AD01B06099B00136600 /* WebViewJavascriptBridge.js.txt in Resources */ = {isa = PBXBuildFile; fileRef = D2C1F9E41AF5164200DB318F /* WebViewJavascriptBridge.js.txt */; };
		D28A6AD11B06099F00136600 /* socketcluster-webwrapper.html in Resources */ = {isa = PBXBuildFile; fileRef = D296666A1AF10BC4001828A1 /* socketcluster-webwrapper.html */; };
		D296666F1AF10C69001828A1 /* SocketCluster.m in Sources */ = {isa = PBXBuildFile; fileRef = D296666D1AF10C69001828A1 /* SocketCluster.m */; };
		D29666701AF10CA0001828A1 /* SocketCluster.h in Headers */ = {isa = PBXBuildFile; fileRef = D296666C1AF10C69001828A1 /* SocketCluster.h */; settings = {ATTRIBUTES = (Public, ); }; };
		D29666AF1AF11112001828A1 /* UIKit.framework in Frameworks */ = {isa = PBXBuildFile; fileRef = D29666AE1AF11112001828A1 /* UIKit.framework */; };
		D2C1F9E61AF5164200DB318F /* WebViewJavascriptBridge.m in Sources */ = {isa = PBXBuildFile; fileRef = D2C1F9E51AF5164200DB318F /* WebViewJavascriptBridge.m */; };
		D2C1F9E71AF5174C00DB318F /* WebViewJavascriptBridge.h in Headers */ = {isa = PBXBuildFile; fileRef = D2C1F9E31AF5164200DB318F /* WebViewJavascriptBridge.h */; };
		D2C1F9E81AF5174C00DB318F /* SocketClusterDelegate.h in Headers */ = {isa = PBXBuildFile; fileRef = D296666E1AF10C69001828A1 /* SocketClusterDelegate.h */; settings = {ATTRIBUTES = (Public, ); }; };
		D2C1F9FE1AF5203500DB318F /* JavaScriptCore.framework in Frameworks */ = {isa = PBXBuildFile; fileRef = D2C1F9FD1AF5203500DB318F /* JavaScriptCore.framework */; };
/* End PBXBuildFile section */

/* Begin PBXContainerItemProxy section */
		D28A6AD21B0609A900136600 /* PBXContainerItemProxy */ = {
			isa = PBXContainerItemProxy;
			containerPortal = D296663E1AF0F8E5001828A1 /* Project object */;
			proxyType = 1;
			remoteGlobalIDString = D28A6AC81B06098400136600;
			remoteInfo = SocketClusteriOSBundle;
		};
/* End PBXContainerItemProxy section */

/* Begin PBXFileReference section */
		D26E9AD61AFF84FB004D6E55 /* README.md */ = {isa = PBXFileReference; fileEncoding = 4; lastKnownFileType = net.daringfireball.markdown; path = README.md; sourceTree = "<group>"; };
		D28A6AC11B06095B00136600 /* Info.plist */ = {isa = PBXFileReference; lastKnownFileType = text.plist.xml; path = Info.plist; sourceTree = "<group>"; };
		D28A6AC91B06098400136600 /* SocketClusteriOSBundle.bundle */ = {isa = PBXFileReference; explicitFileType = wrapper.cfbundle; includeInIndex = 0; path = SocketClusteriOSBundle.bundle; sourceTree = BUILT_PRODUCTS_DIR; };
		D28A6ACC1B06098400136600 /* Info.plist */ = {isa = PBXFileReference; lastKnownFileType = text.plist.xml; path = Info.plist; sourceTree = "<group>"; };
		D29666461AF0F8E5001828A1 /* libSocketClusteriOS.a */ = {isa = PBXFileReference; explicitFileType = archive.ar; includeInIndex = 0; path = libSocketClusteriOS.a; sourceTree = BUILT_PRODUCTS_DIR; };
		D29666571AF0F8E5001828A1 /* Info.plist */ = {isa = PBXFileReference; lastKnownFileType = text.plist.xml; path = Info.plist; sourceTree = "<group>"; };
		D296666A1AF10BC4001828A1 /* socketcluster-webwrapper.html */ = {isa = PBXFileReference; fileEncoding = 4; lastKnownFileType = text.html; path = "socketcluster-webwrapper.html"; sourceTree = "<group>"; };
		D296666C1AF10C69001828A1 /* SocketCluster.h */ = {isa = PBXFileReference; fileEncoding = 4; lastKnownFileType = sourcecode.c.h; path = SocketCluster.h; sourceTree = "<group>"; };
		D296666D1AF10C69001828A1 /* SocketCluster.m */ = {isa = PBXFileReference; fileEncoding = 4; lastKnownFileType = sourcecode.c.objc; path = SocketCluster.m; sourceTree = "<group>"; };
		D296666E1AF10C69001828A1 /* SocketClusterDelegate.h */ = {isa = PBXFileReference; fileEncoding = 4; lastKnownFileType = sourcecode.c.h; path = SocketClusterDelegate.h; sourceTree = "<group>"; };
		D29666AE1AF11112001828A1 /* UIKit.framework */ = {isa = PBXFileReference; lastKnownFileType = wrapper.framework; name = UIKit.framework; path = System/Library/Frameworks/UIKit.framework; sourceTree = SDKROOT; };
		D2C1F9E31AF5164200DB318F /* WebViewJavascriptBridge.h */ = {isa = PBXFileReference; fileEncoding = 4; lastKnownFileType = sourcecode.c.h; path = WebViewJavascriptBridge.h; sourceTree = "<group>"; };
		D2C1F9E41AF5164200DB318F /* WebViewJavascriptBridge.js.txt */ = {isa = PBXFileReference; fileEncoding = 4; lastKnownFileType = text; path = WebViewJavascriptBridge.js.txt; sourceTree = "<group>"; };
		D2C1F9E51AF5164200DB318F /* WebViewJavascriptBridge.m */ = {isa = PBXFileReference; fileEncoding = 4; lastKnownFileType = sourcecode.c.objc; path = WebViewJavascriptBridge.m; sourceTree = "<group>"; };
		D2C1F9F41AF51F4700DB318F /* Info.plist */ = {isa = PBXFileReference; lastKnownFileType = text.plist.xml; path = Info.plist; sourceTree = "<group>"; };
		D2C1F9FD1AF5203500DB318F /* JavaScriptCore.framework */ = {isa = PBXFileReference; lastKnownFileType = wrapper.framework; name = JavaScriptCore.framework; path = System/Library/Frameworks/JavaScriptCore.framework; sourceTree = SDKROOT; };
/* End PBXFileReference section */

/* Begin PBXFrameworksBuildPhase section */
		D29666431AF0F8E5001828A1 /* Frameworks */ = {
			isa = PBXFrameworksBuildPhase;
			buildActionMask = 2147483647;
			files = (
				D2C1F9FE1AF5203500DB318F /* JavaScriptCore.framework in Frameworks */,
				D29666AF1AF11112001828A1 /* UIKit.framework in Frameworks */,
			);
			runOnlyForDeploymentPostprocessing = 0;
		};
/* End PBXFrameworksBuildPhase section */

/* Begin PBXGroup section */
		D28A6ABF1B06095B00136600 /* SocketClusteriOSBundle */ = {
			isa = PBXGroup;
			children = (
				D28A6AC01B06095B00136600 /* Supporting Files */,
			);
			path = SocketClusteriOSBundle;
			sourceTree = "<group>";
		};
		D28A6AC01B06095B00136600 /* Supporting Files */ = {
			isa = PBXGroup;
			children = (
				D28A6AC11B06095B00136600 /* Info.plist */,
			);
			name = "Supporting Files";
			sourceTree = "<group>";
		};
		D28A6ACA1B06098400136600 /* SocketClusteriOSBundle */ = {
			isa = PBXGroup;
			children = (
				D28A6ACB1B06098400136600 /* Supporting Files */,
			);
			path = SocketClusteriOSBundle;
			sourceTree = "<group>";
		};
		D28A6ACB1B06098400136600 /* Supporting Files */ = {
			isa = PBXGroup;
			children = (
				D28A6ACC1B06098400136600 /* Info.plist */,
			);
			name = "Supporting Files";
			sourceTree = "<group>";
		};
		D296663D1AF0F8E5001828A1 = {
			isa = PBXGroup;
			children = (
				D26E9AD61AFF84FB004D6E55 /* README.md */,
				D2C1F9FD1AF5203500DB318F /* JavaScriptCore.framework */,
				D29666AE1AF11112001828A1 /* UIKit.framework */,
				D29666481AF0F8E5001828A1 /* SocketClusteriOS */,
				D29666551AF0F8E5001828A1 /* SocketClusteriOSTests */,
				D2C1F9F21AF51F4700DB318F /* SocketClusteriOSBundle */,
				D28A6ABF1B06095B00136600 /* SocketClusteriOSBundle */,
				D28A6ACA1B06098400136600 /* SocketClusteriOSBundle */,
				D29666471AF0F8E5001828A1 /* Products */,
			);
			sourceTree = "<group>";
		};
		D29666471AF0F8E5001828A1 /* Products */ = {
			isa = PBXGroup;
			children = (
				D29666461AF0F8E5001828A1 /* libSocketClusteriOS.a */,
				D28A6AC91B06098400136600 /* SocketClusteriOSBundle.bundle */,
			);
			name = Products;
			sourceTree = "<group>";
		};
		D29666481AF0F8E5001828A1 /* SocketClusteriOS */ = {
			isa = PBXGroup;
			children = (
				D29666691AF10BB2001828A1 /* Client */,
			);
			path = SocketClusteriOS;
			sourceTree = "<group>";
		};
		D29666551AF0F8E5001828A1 /* SocketClusteriOSTests */ = {
			isa = PBXGroup;
			children = (
				D29666561AF0F8E5001828A1 /* Supporting Files */,
			);
			path = SocketClusteriOSTests;
			sourceTree = "<group>";
		};
		D29666561AF0F8E5001828A1 /* Supporting Files */ = {
			isa = PBXGroup;
			children = (
				D29666571AF0F8E5001828A1 /* Info.plist */,
			);
			name = "Supporting Files";
			sourceTree = "<group>";
		};
		D29666691AF10BB2001828A1 /* Client */ = {
			isa = PBXGroup;
			children = (
				D2C1F9E31AF5164200DB318F /* WebViewJavascriptBridge.h */,
				D2C1F9E41AF5164200DB318F /* WebViewJavascriptBridge.js.txt */,
				D2C1F9E51AF5164200DB318F /* WebViewJavascriptBridge.m */,
				D296666C1AF10C69001828A1 /* SocketCluster.h */,
				D296666D1AF10C69001828A1 /* SocketCluster.m */,
				D296666E1AF10C69001828A1 /* SocketClusterDelegate.h */,
				D296666A1AF10BC4001828A1 /* socketcluster-webwrapper.html */,
			);
			name = Client;
			sourceTree = "<group>";
		};
		D2C1F9F21AF51F4700DB318F /* SocketClusteriOSBundle */ = {
			isa = PBXGroup;
			children = (
				D2C1F9F31AF51F4700DB318F /* Supporting Files */,
			);
			path = SocketClusteriOSBundle;
			sourceTree = "<group>";
		};
		D2C1F9F31AF51F4700DB318F /* Supporting Files */ = {
			isa = PBXGroup;
			children = (
				D2C1F9F41AF51F4700DB318F /* Info.plist */,
			);
			name = "Supporting Files";
			sourceTree = "<group>";
		};
/* End PBXGroup section */

/* Begin PBXHeadersBuildPhase section */
		D2F2717B1AF9224300A6FFCB /* Headers */ = {
			isa = PBXHeadersBuildPhase;
			buildActionMask = 2147483647;
			files = (
				D2C1F9E81AF5174C00DB318F /* SocketClusterDelegate.h in Headers */,
				D29666701AF10CA0001828A1 /* SocketCluster.h in Headers */,
				D2C1F9E71AF5174C00DB318F /* WebViewJavascriptBridge.h in Headers */,
			);
			runOnlyForDeploymentPostprocessing = 0;
		};
/* End PBXHeadersBuildPhase section */

/* Begin PBXNativeTarget section */
		D28A6AC81B06098400136600 /* SocketClusteriOSBundle */ = {
			isa = PBXNativeTarget;
			buildConfigurationList = D28A6ACD1B06098400136600 /* Build configuration list for PBXNativeTarget "SocketClusteriOSBundle" */;
			buildPhases = (
				D28A6AC71B06098400136600 /* Resources */,
			);
			buildRules = (
			);
			dependencies = (
			);
			name = SocketClusteriOSBundle;
			productName = SocketClusteriOSBundle;
			productReference = D28A6AC91B06098400136600 /* SocketClusteriOSBundle.bundle */;
			productType = "com.apple.product-type.bundle";
		};
		D29666451AF0F8E5001828A1 /* SocketClusteriOS */ = {
			isa = PBXNativeTarget;
			buildConfigurationList = D296665A1AF0F8E5001828A1 /* Build configuration list for PBXNativeTarget "SocketClusteriOS" */;
			buildPhases = (
				D29666421AF0F8E5001828A1 /* Sources */,
				D29666431AF0F8E5001828A1 /* Frameworks */,
				D2C1F9EB1AF51D6F00DB318F /* Resources */,
				D2F2717B1AF9224300A6FFCB /* Headers */,
				2E767DC71B02D7E500E03B37 /* ShellScript */,
			);
			buildRules = (
			);
			dependencies = (
				D28A6AD31B0609A900136600 /* PBXTargetDependency */,
			);
			name = SocketClusteriOS;
			productName = SocketClusteriOS;
			productReference = D29666461AF0F8E5001828A1 /* libSocketClusteriOS.a */;
			productType = "com.apple.product-type.library.static";
		};
/* End PBXNativeTarget section */

/* Begin PBXProject section */
		D296663E1AF0F8E5001828A1 /* Project object */ = {
			isa = PBXProject;
			attributes = {
				LastUpgradeCheck = 0630;
				ORGANIZATIONNAME = TopCloud;
				TargetAttributes = {
					D28A6AC81B06098400136600 = {
						CreatedOnToolsVersion = 6.3.1;
					};
					D29666451AF0F8E5001828A1 = {
						CreatedOnToolsVersion = 6.3.1;
					};
				};
			};
			buildConfigurationList = D29666411AF0F8E5001828A1 /* Build configuration list for PBXProject "SocketClusteriOS" */;
			compatibilityVersion = "Xcode 3.2";
			developmentRegion = English;
			hasScannedForEncodings = 0;
			knownRegions = (
				en,
			);
			mainGroup = D296663D1AF0F8E5001828A1;
			productRefGroup = D29666471AF0F8E5001828A1 /* Products */;
			projectDirPath = "";
			projectRoot = "";
			targets = (
				D29666451AF0F8E5001828A1 /* SocketClusteriOS */,
				D28A6AC81B06098400136600 /* SocketClusteriOSBundle */,
			);
		};
/* End PBXProject section */

/* Begin PBXResourcesBuildPhase section */
		D28A6AC71B06098400136600 /* Resources */ = {
			isa = PBXResourcesBuildPhase;
			buildActionMask = 2147483647;
			files = (
				D28A6AD01B06099B00136600 /* WebViewJavascriptBridge.js.txt in Resources */,
				D28A6AD11B06099F00136600 /* socketcluster-webwrapper.html in Resources */,
			);
			runOnlyForDeploymentPostprocessing = 0;
		};
		D2C1F9EB1AF51D6F00DB318F /* Resources */ = {
			isa = PBXResourcesBuildPhase;
			buildActionMask = 2147483647;
			files = (
			);
			runOnlyForDeploymentPostprocessing = 0;
		};
/* End PBXResourcesBuildPhase section */

/* Begin PBXShellScriptBuildPhase section */
		2E767DC71B02D7E500E03B37 /* ShellScript */ = {
			isa = PBXShellScriptBuildPhase;
			buildActionMask = 2147483647;
			files = (
			);
			inputPaths = (
			);
			outputPaths = (
			);
			runOnlyForDeploymentPostprocessing = 0;
			shellPath = /bin/sh;
			shellScript = "##########################################\n#\n# c.f. http://stackoverflow.com/questions/3520977/build-fat-static-library-device-simulator-using-xcode-and-sdk-4\n#\n# Version 2.7\n#\n# Latest Change:\n# - Supports iPhone 5 / iPod Touch 5 (uses Apple's workaround to lipo bug)\n#\n# Purpose:\n#   Automatically create a Universal static library for iPhone + iPad + iPhone Simulator from within XCode\n#\n# Author: Adam Martin - http://twitter.com/t_machine_org\n# Based on: original script from Eonil (main changes: Eonil's script WILL NOT WORK in Xcode GUI - it WILL CRASH YOUR COMPUTER)\n#\n\nset -e\nset -o pipefail\n\n#################[ Tests: helps workaround any future bugs in Xcode ]########\n#\nDEBUG_THIS_SCRIPT=\"false\"\n\nif [ $DEBUG_THIS_SCRIPT = \"true\" ]\nthen\necho \"########### TESTS #############\"\necho \"Use the following variables when debugging this script; note that they may change on recursions\"\necho \"BUILD_DIR = $BUILD_DIR\"\necho \"BUILD_ROOT = $BUILD_ROOT\"\necho \"CONFIGURATION_BUILD_DIR = $CONFIGURATION_BUILD_DIR\"\necho \"BUILT_PRODUCTS_DIR = $BUILT_PRODUCTS_DIR\"\necho \"CONFIGURATION_TEMP_DIR = $CONFIGURATION_TEMP_DIR\"\necho \"TARGET_BUILD_DIR = $TARGET_BUILD_DIR\"\nfi\n\n#####################[ part 1 ]##################\n# First, work out the BASESDK version number (NB: Apple ought to report this, but they hide it)\n#    (incidental: searching for substrings in sh is a nightmare! Sob)\n\nSDK_VERSION=$(echo ${SDK_NAME} | grep -o '.\\{3\\}$')\n\n# Next, work out if we're in SIM or DEVICE\n\nif [ ${PLATFORM_NAME} = \"iphonesimulator\" ]\nthen\nOTHER_SDK_TO_BUILD=iphoneos${SDK_VERSION}\nelse\nOTHER_SDK_TO_BUILD=iphonesimulator${SDK_VERSION}\nfi\n\necho \"XCode has selected SDK: ${PLATFORM_NAME} with version: ${SDK_VERSION} (although back-targetting: ${IPHONEOS_DEPLOYMENT_TARGET})\"\necho \"...therefore, OTHER_SDK_TO_BUILD = ${OTHER_SDK_TO_BUILD}\"\n#\n#####################[ end of part 1 ]##################\n\n#####################[ part 2 ]##################\n#\n# IF this is the original invocation, invoke WHATEVER other builds are required\n#\n# Xcode is already building ONE target...\n#\n# ...but this is a LIBRARY, so Apple is wrong to set it to build just one.\n# ...we need to build ALL targets\n# ...we MUST NOT re-build the target that is ALREADY being built: Xcode WILL CRASH YOUR COMPUTER if you try this (infinite recursion!)\n#\n#\n# So: build ONLY the missing platforms/configurations.\n\nif [ \"true\" == ${ALREADYINVOKED:-false} ]\nthen\necho \"RECURSION: I am NOT the root invocation, so I'm NOT going to recurse\"\nelse\n# CRITICAL:\n# Prevent infinite recursion (Xcode sucks)\nexport ALREADYINVOKED=\"true\"\n\necho \"RECURSION: I am the root ... recursing all missing build targets NOW...\"\necho \"RECURSION: ...about to invoke: xcodebuild -configuration \\\"${CONFIGURATION}\\\" -project \\\"${PROJECT_NAME}.xcodeproj\\\" -target \\\"${TARGET_NAME}\\\" -sdk \\\"${OTHER_SDK_TO_BUILD}\\\" ${ACTION} RUN_CLANG_STATIC_ANALYZER=NO\" BUILD_DIR=\\\"${BUILD_DIR}\\\" BUILD_ROOT=\\\"${BUILD_ROOT}\\\" SYMROOT=\\\"${SYMROOT}\\\"\n\nxcodebuild -configuration \"${CONFIGURATION}\" -project \"${PROJECT_NAME}.xcodeproj\" -target \"${TARGET_NAME}\" -sdk \"${OTHER_SDK_TO_BUILD}\" ${ACTION} RUN_CLANG_STATIC_ANALYZER=NO BUILD_DIR=\"${BUILD_DIR}\" BUILD_ROOT=\"${BUILD_ROOT}\" SYMROOT=\"${SYMROOT}\"\n\nACTION=\"build\"\n\n#Merge all platform binaries as a fat binary for each configurations.\n\n# Calculate where the (multiple) built files are coming from:\nCURRENTCONFIG_DEVICE_DIR=${SYMROOT}/${CONFIGURATION}-iphoneos\nCURRENTCONFIG_SIMULATOR_DIR=${SYMROOT}/${CONFIGURATION}-iphonesimulator\n\necho \"Taking device build from: ${CURRENTCONFIG_DEVICE_DIR}\"\necho \"Taking simulator build from: ${CURRENTCONFIG_SIMULATOR_DIR}\"\n\nCREATING_UNIVERSAL_DIR=${SYMROOT}/${CONFIGURATION}-universal\necho \"...I will output a universal build to: ${CREATING_UNIVERSAL_DIR}\"\n\n# ... remove the products of previous runs of this script\n#      NB: this directory is ONLY created by this script - it should be safe to delete!\n\nrm -rf \"${CREATING_UNIVERSAL_DIR}\"\nmkdir \"${CREATING_UNIVERSAL_DIR}\"\n\n#\necho \"lipo: for current configuration (${CONFIGURATION}) creating output file: ${CREATING_UNIVERSAL_DIR}/${EXECUTABLE_NAME}\"\nxcrun -sdk iphoneos lipo -create -output \"${CREATING_UNIVERSAL_DIR}/${EXECUTABLE_NAME}\" \"${CURRENTCONFIG_DEVICE_DIR}/${EXECUTABLE_NAME}\" \"${CURRENTCONFIG_SIMULATOR_DIR}/${EXECUTABLE_NAME}\"\n\n#########\n#\n# Added: StackOverflow suggestion to also copy \"include\" files\n#    (untested, but should work OK)\n#\necho \"Fetching headers from ${PUBLIC_HEADERS_FOLDER_PATH}\"\necho \"  (if you embed your library project in another project, you will need to add\"\necho \"   a \"User Search Headers\" build setting of: (NB INCLUDE THE DOUBLE QUOTES BELOW!)\"\necho '        \"$(TARGET_BUILD_DIR)/usr/local/include/\"'\nif [ -d \"${CURRENTCONFIG_DEVICE_DIR}${PUBLIC_HEADERS_FOLDER_PATH}\" ]\nthen\nmkdir -p \"${CREATING_UNIVERSAL_DIR}${PUBLIC_HEADERS_FOLDER_PATH}\"\n# * needs to be outside the double quotes?\ncp -r \"${CURRENTCONFIG_DEVICE_DIR}${PUBLIC_HEADERS_FOLDER_PATH}\"* \"${CREATING_UNIVERSAL_DIR}${PUBLIC_HEADERS_FOLDER_PATH}\"\nfi\nfi";
		};
/* End PBXShellScriptBuildPhase section */

/* Begin PBXSourcesBuildPhase section */
		D29666421AF0F8E5001828A1 /* Sources */ = {
			isa = PBXSourcesBuildPhase;
			buildActionMask = 2147483647;
			files = (
				D2C1F9E61AF5164200DB318F /* WebViewJavascriptBridge.m in Sources */,
				D26E9AD71AFF84FC004D6E55 /* README.md in Sources */,
				D296666F1AF10C69001828A1 /* SocketCluster.m in Sources */,
			);
			runOnlyForDeploymentPostprocessing = 0;
		};
/* End PBXSourcesBuildPhase section */

/* Begin PBXTargetDependency section */
		D28A6AD31B0609A900136600 /* PBXTargetDependency */ = {
			isa = PBXTargetDependency;
			target = D28A6AC81B06098400136600 /* SocketClusteriOSBundle */;
			targetProxy = D28A6AD21B0609A900136600 /* PBXContainerItemProxy */;
		};
/* End PBXTargetDependency section */

/* Begin XCBuildConfiguration section */
		D28A6ACE1B06098400136600 /* Debug */ = {
			isa = XCBuildConfiguration;
			buildSettings = {
				COMBINE_HIDPI_IMAGES = YES;
				DEBUG_INFORMATION_FORMAT = dwarf;
				GCC_PREPROCESSOR_DEFINITIONS = (
					"DEBUG=1",
					"$(inherited)",
				);
				INFOPLIST_FILE = SocketClusteriOSBundle/Info.plist;
				INSTALL_PATH = "$(LOCAL_LIBRARY_DIR)/Bundles";
				MACOSX_DEPLOYMENT_TARGET = 10.10;
				ONLY_ACTIVE_ARCH = YES;
				PRODUCT_NAME = "$(TARGET_NAME)";
				SDKROOT = macosx;
				SKIP_INSTALL = YES;
				WRAPPER_EXTENSION = bundle;
			};
			name = Debug;
		};
		D28A6ACF1B06098400136600 /* Release */ = {
			isa = XCBuildConfiguration;
			buildSettings = {
				COMBINE_HIDPI_IMAGES = YES;
				INFOPLIST_FILE = SocketClusteriOSBundle/Info.plist;
				INSTALL_PATH = "$(LOCAL_LIBRARY_DIR)/Bundles";
				MACOSX_DEPLOYMENT_TARGET = 10.10;
				PRODUCT_NAME = "$(TARGET_NAME)";
				SDKROOT = macosx;
				SKIP_INSTALL = YES;
				WRAPPER_EXTENSION = bundle;
			};
			name = Release;
		};
		D29666581AF0F8E5001828A1 /* Debug */ = {
			isa = XCBuildConfiguration;
			buildSettings = {
				ALWAYS_SEARCH_USER_PATHS = NO;
				CLANG_CXX_LANGUAGE_STANDARD = "gnu++0x";
				CLANG_CXX_LIBRARY = "libc++";
				CLANG_ENABLE_MODULES = YES;
				CLANG_ENABLE_OBJC_ARC = YES;
				CLANG_WARN_BOOL_CONVERSION = YES;
				CLANG_WARN_CONSTANT_CONVERSION = YES;
				CLANG_WARN_DIRECT_OBJC_ISA_USAGE = YES_ERROR;
				CLANG_WARN_EMPTY_BODY = YES;
				CLANG_WARN_ENUM_CONVERSION = YES;
				CLANG_WARN_INT_CONVERSION = YES;
				CLANG_WARN_OBJC_ROOT_CLASS = YES_ERROR;
				CLANG_WARN_UNREACHABLE_CODE = YES;
				CLANG_WARN__DUPLICATE_METHOD_MATCH = YES;
				COPY_PHASE_STRIP = NO;
				DEBUG_INFORMATION_FORMAT = "dwarf-with-dsym";
				ENABLE_STRICT_OBJC_MSGSEND = YES;
				GCC_C_LANGUAGE_STANDARD = gnu99;
				GCC_DYNAMIC_NO_PIC = NO;
				GCC_NO_COMMON_BLOCKS = YES;
				GCC_OPTIMIZATION_LEVEL = 0;
				GCC_PREPROCESSOR_DEFINITIONS = (
					"DEBUG=1",
					"$(inherited)",
				);
				GCC_SYMBOLS_PRIVATE_EXTERN = NO;
				GCC_WARN_64_TO_32_BIT_CONVERSION = YES;
				GCC_WARN_ABOUT_RETURN_TYPE = YES_ERROR;
				GCC_WARN_UNDECLARED_SELECTOR = YES;
				GCC_WARN_UNINITIALIZED_AUTOS = YES_AGGRESSIVE;
				GCC_WARN_UNUSED_FUNCTION = YES;
				GCC_WARN_UNUSED_VARIABLE = YES;
				IPHONEOS_DEPLOYMENT_TARGET = 8.3;
				MTL_ENABLE_DEBUG_INFO = YES;
				ONLY_ACTIVE_ARCH = NO;
				SDKROOT = iphoneos;
			};
			name = Debug;
		};
		D29666591AF0F8E5001828A1 /* Release */ = {
			isa = XCBuildConfiguration;
			buildSettings = {
				ALWAYS_SEARCH_USER_PATHS = NO;
				CLANG_CXX_LANGUAGE_STANDARD = "gnu++0x";
				CLANG_CXX_LIBRARY = "libc++";
				CLANG_ENABLE_MODULES = YES;
				CLANG_ENABLE_OBJC_ARC = YES;
				CLANG_WARN_BOOL_CONVERSION = YES;
				CLANG_WARN_CONSTANT_CONVERSION = YES;
				CLANG_WARN_DIRECT_OBJC_ISA_USAGE = YES_ERROR;
				CLANG_WARN_EMPTY_BODY = YES;
				CLANG_WARN_ENUM_CONVERSION = YES;
				CLANG_WARN_INT_CONVERSION = YES;
				CLANG_WARN_OBJC_ROOT_CLASS = YES_ERROR;
				CLANG_WARN_UNREACHABLE_CODE = YES;
				CLANG_WARN__DUPLICATE_METHOD_MATCH = YES;
				COPY_PHASE_STRIP = NO;
				DEBUG_INFORMATION_FORMAT = "dwarf-with-dsym";
				ENABLE_NS_ASSERTIONS = NO;
				ENABLE_STRICT_OBJC_MSGSEND = YES;
				GCC_C_LANGUAGE_STANDARD = gnu99;
				GCC_NO_COMMON_BLOCKS = YES;
				GCC_WARN_64_TO_32_BIT_CONVERSION = YES;
				GCC_WARN_ABOUT_RETURN_TYPE = YES_ERROR;
				GCC_WARN_UNDECLARED_SELECTOR = YES;
				GCC_WARN_UNINITIALIZED_AUTOS = YES_AGGRESSIVE;
				GCC_WARN_UNUSED_FUNCTION = YES;
				GCC_WARN_UNUSED_VARIABLE = YES;
				IPHONEOS_DEPLOYMENT_TARGET = 8.3;
				MTL_ENABLE_DEBUG_INFO = NO;
				ONLY_ACTIVE_ARCH = NO;
				SDKROOT = iphoneos;
				VALIDATE_PRODUCT = YES;
			};
			name = Release;
		};
		D296665B1AF0F8E5001828A1 /* Debug */ = {
			isa = XCBuildConfiguration;
			buildSettings = {
				ARCHS = "$(ARCHS_STANDARD)";
				ONLY_ACTIVE_ARCH = NO;
				OTHER_LDFLAGS = "-ObjC";
				PRIVATE_HEADERS_FOLDER_PATH = /include/SocketClusteriOS/;
				PRODUCT_NAME = "$(TARGET_NAME)";
				PUBLIC_HEADERS_FOLDER_PATH = /include/SocketClusteriOS/;
				SKIP_INSTALL = YES;
				TARGETED_DEVICE_FAMILY = "1,2";
				VALID_ARCHS = "arm64 armv7 armv7s x86_64";
			};
			name = Debug;
		};
		D296665C1AF0F8E5001828A1 /* Release */ = {
			isa = XCBuildConfiguration;
			buildSettings = {
				ARCHS = "$(ARCHS_STANDARD)";
				ONLY_ACTIVE_ARCH = NO;
				OTHER_LDFLAGS = "-ObjC";
				PRIVATE_HEADERS_FOLDER_PATH = /include/SocketClusteriOS/;
				PRODUCT_NAME = "$(TARGET_NAME)";
				PUBLIC_HEADERS_FOLDER_PATH = /include/SocketClusteriOS/;
				SKIP_INSTALL = YES;
				TARGETED_DEVICE_FAMILY = "1,2";
				VALID_ARCHS = "arm64 armv7 armv7s x86_64";
			};
			name = Release;
		};
/* End XCBuildConfiguration section */

/* Begin XCConfigurationList section */
		D28A6ACD1B06098400136600 /* Build configuration list for PBXNativeTarget "SocketClusteriOSBundle" */ = {
			isa = XCConfigurationList;
			buildConfigurations = (
				D28A6ACE1B06098400136600 /* Debug */,
				D28A6ACF1B06098400136600 /* Release */,
			);
			defaultConfigurationIsVisible = 0;
		};
		D29666411AF0F8E5001828A1 /* Build configuration list for PBXProject "SocketClusteriOS" */ = {
			isa = XCConfigurationList;
			buildConfigurations = (
				D29666581AF0F8E5001828A1 /* Debug */,
				D29666591AF0F8E5001828A1 /* Release */,
			);
			defaultConfigurationIsVisible = 0;
			defaultConfigurationName = Release;
		};
		D296665A1AF0F8E5001828A1 /* Build configuration list for PBXNativeTarget "SocketClusteriOS" */ = {
			isa = XCConfigurationList;
			buildConfigurations = (
				D296665B1AF0F8E5001828A1 /* Debug */,
				D296665C1AF0F8E5001828A1 /* Release */,
			);
			defaultConfigurationIsVisible = 0;
			defaultConfigurationName = Release;
		};
/* End XCConfigurationList section */
	};
	rootObject = D296663E1AF0F8E5001828A1 /* Project object */;
}
